
Microsoft Visual Studio Solution File, Format Version 12.00
# Visual Studio Version 17
VisualStudioVersion = 17.1.32210.238
MinimumVisualStudioVersion = 10.0.40219.1
Project("{9A19103F-16F7-4668-BE54-9A1E7A4F7556}") = "OPD_konstantinov", "OPD_konstantinov\OPD_konstantinov.csproj", "{0F41D724-9543-4E65-B9F8-5CCE1A2F5A85}"
EndProject
Project("{FAE04EC0-301F-11D3-BF4B-00C04F79EFBC}") = "OPD_test", "OPD_test\OPD_test.csproj", "{B6E82663-192B-4DB3-A4E7-564A7B8B7B94}"
EndProject
Global
	GlobalSection(SolutionConfigurationPlatforms) = preSolution
		Debug|Any CPU = Debug|Any CPU
		Release|Any CPU = Release|Any CPU
	EndGlobalSection
	GlobalSection(ProjectConfigurationPlatforms) = postSolution
		{0F41D724-9543-4E65-B9F8-5CCE1A2F5A85}.Debug|Any CPU.ActiveCfg = Debug|Any CPU
		{0F41D724-9543-4E65-B9F8-5CCE1A2F5A85}.Debug|Any CPU.Build.0 = Debug|Any CPU
		{0F41D724-9543-4E65-B9F8-5CCE1A2F5A85}.Release|Any CPU.ActiveCfg = Release|Any CPU
		{0F41D724-9543-4E65-B9F8-5CCE1A2F5A85}.Release|Any CPU.Build.0 = Release|Any CPU
		{B6E82663-192B-4DB3-A4E7-564A7B8B7B94}.Debug|Any CPU.ActiveCfg = Debug|Any CPU
		{B6E82663-192B-4DB3-A4E7-564A7B8B7B94}.Debug|Any CPU.Build.0 = Debug|Any CPU
		{B6E82663-192B-4DB3-A4E7-564A7B8B7B94}.Release|Any CPU.ActiveCfg = Release|Any CPU
		{B6E82663-192B-4DB3-A4E7-564A7B8B7B94}.Release|Any CPU.Build.0 = Release|Any CPU
	EndGlobalSection
	GlobalSection(SolutionProperties) = preSolution
		HideSolutionNode = FALSE
	EndGlobalSection
	GlobalSection(ExtensibilityGlobals) = postSolution
		SolutionGuid = {E2A6B9A2-AF20-417C-BC36-6A58A1A59264}
	EndGlobalSection
EndGlobal
